
Microsoft Visual Studio Solution File, Format Version 12.00
# Visual Studio 14
VisualStudioVersion = 14.0.25420.1
MinimumVisualStudioVersion = 10.0.40219.1
Project("{9092AA53-FB77-4645-B42D-1CCCA6BD08BD}") = "Mercury 2", "Mercury 2.njsproj", "{A1038360-5F85-4DC8-A9F8-E68DE2BFF02E}"
EndProject
Global
	GlobalSection(SolutionConfigurationPlatforms) = preSolution
		Debug|Any CPU = Debug|Any CPU
		Release|Any CPU = Release|Any CPU
	EndGlobalSection
	GlobalSection(ProjectConfigurationPlatforms) = postSolution
		{A1038360-5F85-4DC8-A9F8-E68DE2BFF02E}.Debug|Any CPU.ActiveCfg = Debug|Any CPU
		{A1038360-5F85-4DC8-A9F8-E68DE2BFF02E}.Debug|Any CPU.Build.0 = Debug|Any CPU
		{A1038360-5F85-4DC8-A9F8-E68DE2BFF02E}.Release|Any CPU.ActiveCfg = Release|Any CPU
		{A1038360-5F85-4DC8-A9F8-E68DE2BFF02E}.Release|Any CPU.Build.0 = Release|Any CPU
	EndGlobalSection
	GlobalSection(SolutionProperties) = preSolution
		HideSolutionNode = FALSE
	EndGlobalSection
EndGlobal
